#MicroXplorer Configuration settings - do not modify
File.Version=5
KeepUserPlacement=false
Mcu.Family=STM32F0
Mcu.IP0=NVIC
Mcu.IP1=RCC
Mcu.IPNb=2
Mcu.Name=STM32F051R8Tx
Mcu.Package=LQFP64
Mcu.Pin0=PA1
Mcu.Pin1=PA2
Mcu.Pin2=PA3
Mcu.Pin3=PA4
Mcu.Pin4=PA5
Mcu.Pin5=PA6
Mcu.Pin6=PA7
Mcu.PinsNb=7
Mcu.UserConstants=
Mcu.UserName=STM32F051R8Tx
MxCube.Version=4.10.1
MxDb.Version=DB.4.0.101
NVIC.SysTick_IRQn=true\:0\:0\:false
PA1.Locked=true
PA1.Signal=GPIO_Output
PA2.Locked=true
PA2.Signal=GPIO_Output
PA3.Locked=true
PA3.Signal=GPIO_Output
PA4.Locked=true
PA4.Signal=GPIO_Output
PA5.Locked=true
PA5.Signal=GPIO_Output
PA6.Locked=true
PA6.Signal=GPIO_Output
PA7.Locked=true
PA7.Signal=GPIO_Output
PCC.Checker=false
PCC.Line=STM32F0x1
PCC.MCU=STM32F051R8Tx
PCC.MXVersion=4.10.1
PCC.PartNumber=STM32F051R8Tx
PCC.Seq0=0
PCC.Series=STM32F0
PCC.Temperature=25
PCC.Vdd=3.6
ProjectManager.AskForMigrate=true
ProjectManager.BackupPrevious=false
ProjectManager.CompilerOptimize=2
ProjectManager.ComputerToolchain=false
ProjectManager.CoupleFile=false
ProjectManager.DeletePrevious=true
ProjectManager.DeviceId=STM32F051R8Tx
ProjectManager.FirmwarePackage=STM32Cube FW_F0 V1.3.0
ProjectManager.FreePins=false
ProjectManager.HalAssertFull=true
ProjectManager.KeepUserCode=true
ProjectManager.LastFirmware=true
ProjectManager.LibraryCopy=1
ProjectManager.ProjectBuild=false
ProjectManager.ProjectFileName=LCD4_HAL.ioc
ProjectManager.ProjectName=LCD4_HAL
ProjectManager.TargetToolchain=EWARM
ProjectManager.ToolChainLocation=
RCC.CECFreq_Value=32786.88524590164
RCC.FamilyName=M
RCC.HSICECFreq_Value=32786.88524590164
RCC.IPParameters=FamilyName,HSICECFreq_Value,TimSysFreq_Value,CECFreq_Value,PLLCLKFreq_Value,PLLMCOFreq_Value
RCC.PLLCLKFreq_Value=8000000
RCC.PLLMCOFreq_Value=4000000
RCC.TimSysFreq_Value=8000000
board=LCD4_HAL
